
Microsoft Visual Studio Solution File, Format Version 12.00
Project("{FAE04EC0-301F-11D3-BF4B-00C04F79EFBC}") = "QuestBSTools", "QuestBSTools\QuestBSTools.csproj", "{83E445DF-EF02-46F8-9873-0B40319366EA}"
EndProject
Project("{FAE04EC0-301F-11D3-BF4B-00C04F79EFBC}") = "QuestBSTools.Kern", "QuestBSTools.Kern\QuestBSTools.Kern.csproj", "{69A73DA6-010F-4186-A12E-D60948BA3D61}"
EndProject
Global
	GlobalSection(SolutionConfigurationPlatforms) = preSolution
		Debug|Any CPU = Debug|Any CPU
		Release|Any CPU = Release|Any CPU
	EndGlobalSection
	GlobalSection(ProjectConfigurationPlatforms) = postSolution
		{83E445DF-EF02-46F8-9873-0B40319366EA}.Debug|Any CPU.ActiveCfg = Debug|Any CPU
		{83E445DF-EF02-46F8-9873-0B40319366EA}.Debug|Any CPU.Build.0 = Debug|Any CPU
		{83E445DF-EF02-46F8-9873-0B40319366EA}.Release|Any CPU.ActiveCfg = Release|Any CPU
		{83E445DF-EF02-46F8-9873-0B40319366EA}.Release|Any CPU.Build.0 = Release|Any CPU
		{69A73DA6-010F-4186-A12E-D60948BA3D61}.Debug|Any CPU.ActiveCfg = Debug|Any CPU
		{69A73DA6-010F-4186-A12E-D60948BA3D61}.Debug|Any CPU.Build.0 = Debug|Any CPU
		{69A73DA6-010F-4186-A12E-D60948BA3D61}.Release|Any CPU.ActiveCfg = Release|Any CPU
		{69A73DA6-010F-4186-A12E-D60948BA3D61}.Release|Any CPU.Build.0 = Release|Any CPU
	EndGlobalSection
EndGlobal
